
Microsoft Visual Studio Solution File, Format Version 12.00
# Visual Studio Version 16
VisualStudioVersion = 16.0.29613.14
MinimumVisualStudioVersion = 10.0.40219.1
Project("{00D1A9C2-B5F0-4AF3-8072-F6C62B433612}") = "ControlDB", "ControlDB.sqlproj", "{B4521477-9A6C-4EBC-A067-02EE9F0B9978}"
EndProject
Global
	GlobalSection(SolutionConfigurationPlatforms) = preSolution
		Debug|Any CPU = Debug|Any CPU
		Release|Any CPU = Release|Any CPU
	EndGlobalSection
	GlobalSection(ProjectConfigurationPlatforms) = postSolution
		{B4521477-9A6C-4EBC-A067-02EE9F0B9978}.Debug|Any CPU.ActiveCfg = Debug|Any CPU
		{B4521477-9A6C-4EBC-A067-02EE9F0B9978}.Debug|Any CPU.Build.0 = Debug|Any CPU
		{B4521477-9A6C-4EBC-A067-02EE9F0B9978}.Debug|Any CPU.Deploy.0 = Debug|Any CPU
		{B4521477-9A6C-4EBC-A067-02EE9F0B9978}.Release|Any CPU.ActiveCfg = Release|Any CPU
		{B4521477-9A6C-4EBC-A067-02EE9F0B9978}.Release|Any CPU.Build.0 = Release|Any CPU
		{B4521477-9A6C-4EBC-A067-02EE9F0B9978}.Release|Any CPU.Deploy.0 = Release|Any CPU
	EndGlobalSection
	GlobalSection(SolutionProperties) = preSolution
		HideSolutionNode = FALSE
	EndGlobalSection
	GlobalSection(ExtensibilityGlobals) = postSolution
		SolutionGuid = {A4971EE5-99CC-4196-B086-305A02EF4317}
	EndGlobalSection
EndGlobal
